
Microsoft Visual Studio Solution File, Format Version 12.00
# Visual Studio Version 16
VisualStudioVersion = 16.0.29728.190
MinimumVisualStudioVersion = 10.0.40219.1
Project("{FAE04EC0-301F-11D3-BF4B-00C04F79EFBC}") = "FizzBuzz", "FizzBuzz.csproj", "{76090C70-9354-4083-80D3-2D573E6A0065}"
EndProject
Global
	GlobalSection(SolutionConfigurationPlatforms) = preSolution
		Debug|Any CPU = Debug|Any CPU
		Release|Any CPU = Release|Any CPU
	EndGlobalSection
	GlobalSection(ProjectConfigurationPlatforms) = postSolution
		{76090C70-9354-4083-80D3-2D573E6A0065}.Debug|Any CPU.ActiveCfg = Debug|Any CPU
		{76090C70-9354-4083-80D3-2D573E6A0065}.Debug|Any CPU.Build.0 = Debug|Any CPU
		{76090C70-9354-4083-80D3-2D573E6A0065}.Release|Any CPU.ActiveCfg = Release|Any CPU
		{76090C70-9354-4083-80D3-2D573E6A0065}.Release|Any CPU.Build.0 = Release|Any CPU
	EndGlobalSection
	GlobalSection(SolutionProperties) = preSolution
		HideSolutionNode = FALSE
	EndGlobalSection
	GlobalSection(ExtensibilityGlobals) = postSolution
		SolutionGuid = {762B8FF5-EFE1-4FC4-BF4C-1563BF3BCFC8}
	EndGlobalSection
EndGlobal
